dev.hszofficial.site/hsz/test_goreq.git v0.0.0-20220406075054-24657a85c1c9 h1:Zb1u8xhWsh0gQhunJKlSb/VW5nEDHN/1s+F3EBX6cx0=
dev.hszofficial.site/hsz/test_goreq.git v0.0.0-20220406075054-24657a85c1c9/go.mod h1:lXfQh3/rvPIUbTcvFi9okPLj9N6u7u73K5cxJ91oMt4=
dev.hszofficial.site/hsz/test_goreq.git/math v0.0.0-20220406075054-24657a85c1c9 h1:w1m67AxAlbWf4IWfeo0iTA3OLnSZIQuGIpp3a2Obq54=
dev.hszofficial.site/hsz/test_goreq.git/math v0.0.0-20220406075054-24657a85c1c9/go.mod h1:6MRuXsGhhs/DZnsEIPBSFN8pq2IvDHRrpnA/ZNBncGQ=
